// !$*UTF8*$!
{
	archiveVersion = 1;
	classes = {
	};
	objectVersion = 50;
	objects = {

/* Begin PBXBuildFile section */
		573758C621A6A19500C89F34 /* HsNoticeTooltipView.m in Sources */ = {isa = PBXBuildFile; fileRef = 573758C521A6A19500C89F34 /* HsNoticeTooltipView.m */; };
		573C635921420D3700E76273 /* NSLayoutConstraint+MASDebugAdditions.m in Sources */ = {isa = PBXBuildFile; fileRef = 573C634021420D3700E76273 /* NSLayoutConstraint+MASDebugAdditions.m */; };
		573C635A21420D3700E76273 /* ViewController+MASAdditions.m in Sources */ = {isa = PBXBuildFile; fileRef = 573C634921420D3700E76273 /* ViewController+MASAdditions.m */; };
		573C635B21420D3700E76273 /* MASCompositeConstraint.m in Sources */ = {isa = PBXBuildFile; fileRef = 573C634D21420D3700E76273 /* MASCompositeConstraint.m */; };
		573C635C21420D3700E76273 /* MASConstraintMaker.m in Sources */ = {isa = PBXBuildFile; fileRef = 573C634E21420D3700E76273 /* MASConstraintMaker.m */; };
		573C635D21420D3700E76273 /* MASLayoutConstraint.m in Sources */ = {isa = PBXBuildFile; fileRef = 573C634F21420D3700E76273 /* MASLayoutConstraint.m */; };
		573C635E21420D3700E76273 /* NSArray+MASAdditions.m in Sources */ = {isa = PBXBuildFile; fileRef = 573C635021420D3700E76273 /* NSArray+MASAdditions.m */; };
		573C635F21420D3700E76273 /* View+MASAdditions.m in Sources */ = {isa = PBXBuildFile; fileRef = 573C635121420D3700E76273 /* View+MASAdditions.m */; };
		573C636021420D3700E76273 /* MASConstraint.m in Sources */ = {isa = PBXBuildFile; fileRef = 573C635421420D3700E76273 /* MASConstraint.m */; };
		573C636121420D3700E76273 /* MASViewConstraint.m in Sources */ = {isa = PBXBuildFile; fileRef = 573C635621420D3700E76273 /* MASViewConstraint.m */; };
		573C636221420D3700E76273 /* MASViewAttribute.m in Sources */ = {isa = PBXBuildFile; fileRef = 573C635721420D3700E76273 /* MASViewAttribute.m */; };
		573C636321420D3700E76273 /* Info.plist in Resources */ = {isa = PBXBuildFile; fileRef = 573C635821420D3700E76273 /* Info.plist */; };
		573C636A2142121A00E76273 /* HsConfigration.m in Sources */ = {isa = PBXBuildFile; fileRef = 573C63682142121A00E76273 /* HsConfigration.m */; };
		573C636D214212F800E76273 /* HsStyle.m in Sources */ = {isa = PBXBuildFile; fileRef = 573C636C214212F800E76273 /* HsStyle.m */; };
		5740E8DD21391511007731F7 /* SHChildViewController.m in Sources */ = {isa = PBXBuildFile; fileRef = 5740E8DC21391511007731F7 /* SHChildViewController.m */; };
		57425E0121A6C1290009A24D /* YZAlertView.m in Sources */ = {isa = PBXBuildFile; fileRef = 57425E0021A6C1290009A24D /* YZAlertView.m */; };
		57425E0721A6C1BC0009A24D /* ZFTipAlertView.m in Sources */ = {isa = PBXBuildFile; fileRef = 57425E0621A6C1BC0009A24D /* ZFTipAlertView.m */; };
		57425E0921A6C24A0009A24D /* ZFTipAlertView.xib in Resources */ = {isa = PBXBuildFile; fileRef = 57425E0821A6C24A0009A24D /* ZFTipAlertView.xib */; };
		57657115213E240E0072BCB3 /* RotationButtonViewController.m in Sources */ = {isa = PBXBuildFile; fileRef = 57657114213E240E0072BCB3 /* RotationButtonViewController.m */; };
		5765711A213E7B3B0072BCB3 /* SHChildTwoViewController.m in Sources */ = {isa = PBXBuildFile; fileRef = 57657119213E7B3B0072BCB3 /* SHChildTwoViewController.m */; };
		5775307920F7431A00707BCC /* AppDelegate.m in Sources */ = {isa = PBXBuildFile; fileRef = 5775307820F7431A00707BCC /* AppDelegate.m */; };
		5775307C20F7431A00707BCC /* ViewController.m in Sources */ = {isa = PBXBuildFile; fileRef = 5775307B20F7431A00707BCC /* ViewController.m */; };
		5775307F20F7431A00707BCC /* Main.storyboard in Resources */ = {isa = PBXBuildFile; fileRef = 5775307D20F7431A00707BCC /* Main.storyboard */; };
		5775308120F7431E00707BCC /* Assets.xcassets in Resources */ = {isa = PBXBuildFile; fileRef = 5775308020F7431E00707BCC /* Assets.xcassets */; };
		5775308420F7431E00707BCC /* LaunchScreen.storyboard in Resources */ = {isa = PBXBuildFile; fileRef = 5775308220F7431E00707BCC /* LaunchScreen.storyboard */; };
		5775308720F7431E00707BCC /* main.m in Sources */ = {isa = PBXBuildFile; fileRef = 5775308620F7431E00707BCC /* main.m */; };
		57793F6E21A54C99006078A1 /* SHScrollTaoTableViewController.m in Sources */ = {isa = PBXBuildFile; fileRef = 57793F6D21A54C99006078A1 /* SHScrollTaoTableViewController.m */; };
		57793F7221A5630A006078A1 /* ZXMutipleGestureTableView.m in Sources */ = {isa = PBXBuildFile; fileRef = 57793F7021A5630A006078A1 /* ZXMutipleGestureTableView.m */; };
		57AF1C2B21AFD9D8002B54BE /* ZFSelectionView.m in Sources */ = {isa = PBXBuildFile; fileRef = 57AF1C2A21AFD9D8002B54BE /* ZFSelectionView.m */; };
		57B801B22189980A008D1CEF /* VideoToolbox.framework in Frameworks */ = {isa = PBXBuildFile; fileRef = 57B801B12189980A008D1CEF /* VideoToolbox.framework */; };
		57B801B42189993D008D1CEF /* libstdc++.6.tbd in Frameworks */ = {isa = PBXBuildFile; fileRef = 57B801B32189993D008D1CEF /* libstdc++.6.tbd */; };
		57B801B621899952008D1CEF /* libz.tbd in Frameworks */ = {isa = PBXBuildFile; fileRef = 57B801B521899952008D1CEF /* libz.tbd */; };
		57B801B821899965008D1CEF /* libc++.tbd in Frameworks */ = {isa = PBXBuildFile; fileRef = 57B801B721899964008D1CEF /* libc++.tbd */; };
		57B801BA21899977008D1CEF /* libstdc++.tbd in Frameworks */ = {isa = PBXBuildFile; fileRef = 57B801B921899977008D1CEF /* libstdc++.tbd */; };
		57B801BC21899980008D1CEF /* SystemConfiguration.framework in Frameworks */ = {isa = PBXBuildFile; fileRef = 57B801BB21899980008D1CEF /* SystemConfiguration.framework */; };
		57B801BE21899987008D1CEF /* Security.framework in Frameworks */ = {isa = PBXBuildFile; fileRef = 57B801BD21899987008D1CEF /* Security.framework */; };
		57B801C021899990008D1CEF /* CoreTelephony.framework in Frameworks */ = {isa = PBXBuildFile; fileRef = 57B801BF21899990008D1CEF /* CoreTelephony.framework */; };
		57B801C22189999C008D1CEF /* Foundation.framework in Frameworks */ = {isa = PBXBuildFile; fileRef = 57B801C12189999C008D1CEF /* Foundation.framework */; };
		57B801C4218999A5008D1CEF /* CoreFoundation.framework in Frameworks */ = {isa = PBXBuildFile; fileRef = 57B801C3218999A5008D1CEF /* CoreFoundation.framework */; };
		57B801C6218999BB008D1CEF /* QuartzCore.framework in Frameworks */ = {isa = PBXBuildFile; fileRef = 57B801C5218999BB008D1CEF /* QuartzCore.framework */; };
		57B801C8218999C4008D1CEF /* CoreVideo.framework in Frameworks */ = {isa = PBXBuildFile; fileRef = 57B801C7218999C4008D1CEF /* CoreVideo.framework */; };
		57B801CA218999CD008D1CEF /* AudioToolbox.framework in Frameworks */ = {isa = PBXBuildFile; fileRef = 57B801C9218999CD008D1CEF /* AudioToolbox.framework */; };
		57B801CC218999D6008D1CEF /* AVFoundation.framework in Frameworks */ = {isa = PBXBuildFile; fileRef = 57B801CB218999D6008D1CEF /* AVFoundation.framework */; };
		57B801CE218999DD008D1CEF /* CoreMedia.framework in Frameworks */ = {isa = PBXBuildFile; fileRef = 57B801CD218999DD008D1CEF /* CoreMedia.framework */; };
		57C2C1FD2137D92600442387 /* KeychainItemWrapper.m in Sources */ = {isa = PBXBuildFile; fileRef = 57C2C1FB2137D92600442387 /* KeychainItemWrapper.m */; };
		57CD3E8021524434004A137A /* SHAlertViewController.m in Sources */ = {isa = PBXBuildFile; fileRef = 57CD3E7F21524434004A137A /* SHAlertViewController.m */; };
		57D05306214638FF003402C7 /* HsBaseActionSheet.m in Sources */ = {isa = PBXBuildFile; fileRef = 57D05305214638FF003402C7 /* HsBaseActionSheet.m */; };
		57D0530A21463930003402C7 /* UIImage+HsImageColor.m in Sources */ = {isa = PBXBuildFile; fileRef = 57D0530921463930003402C7 /* UIImage+HsImageColor.m */; };
		57D0531121463AEE003402C7 /* UIColor+ColorChange.m in Sources */ = {isa = PBXBuildFile; fileRef = 57D0530F21463AEE003402C7 /* UIColor+ColorChange.m */; };
		57D053192146402F003402C7 /* SHDefine.m in Sources */ = {isa = PBXBuildFile; fileRef = 57D053182146402F003402C7 /* SHDefine.m */; };
		57D0531E2146416C003402C7 /* RKFrameAdjustBlockManager.m in Sources */ = {isa = PBXBuildFile; fileRef = 57D0531C2146416C003402C7 /* RKFrameAdjustBlockManager.m */; };
		57D0538121466539003402C7 /* HSLinkAlertView.m in Sources */ = {isa = PBXBuildFile; fileRef = 57D0538021466539003402C7 /* HSLinkAlertView.m */; };
		57D05384214668C3003402C7 /* HsCheckBoxWidgets.m in Sources */ = {isa = PBXBuildFile; fileRef = 57D05383214668C3003402C7 /* HsCheckBoxWidgets.m */; };
		57EB7BEC218C1DBF001B4AD9 /* HsAlertViewController.m in Sources */ = {isa = PBXBuildFile; fileRef = 57EB7BEB218C1DBF001B4AD9 /* HsAlertViewController.m */; };
		57EB7BF7219049F2001B4AD9 /* UIView+RKLayoutUtil.m in Sources */ = {isa = PBXBuildFile; fileRef = 57EB7BF6219049F2001B4AD9 /* UIView+RKLayoutUtil.m */; };
		57EB7BFD21912543001B4AD9 /* SHPopViewController.m in Sources */ = {isa = PBXBuildFile; fileRef = 57EB7BFC21912543001B4AD9 /* SHPopViewController.m */; };
		57EB7C0721915E7C001B4AD9 /* HsPopLabel.m in Sources */ = {isa = PBXBuildFile; fileRef = 57EB7C0521915E7C001B4AD9 /* HsPopLabel.m */; };
/* End PBXBuildFile section */

/* Begin PBXFileReference section */
		573758C421A6A19500C89F34 /* HsNoticeTooltipView.h */ = {isa = PBXFileReference; fileEncoding = 4; lastKnownFileType = sourcecode.c.h; path = HsNoticeTooltipView.h; sourceTree = "<group>"; };
		573758C521A6A19500C89F34 /* HsNoticeTooltipView.m */ = {isa = PBXFileReference; fileEncoding = 4; lastKnownFileType = sourcecode.c.objc; path = HsNoticeTooltipView.m; sourceTree = "<group>"; };
		573C633F21420D3700E76273 /* MASCompositeConstraint.h */ = {isa = PBXFileReference; fileEncoding = 4; lastKnownFileType = sourcecode.c.h; path = MASCompositeConstraint.h; sourceTree = "<group>"; };
		573C634021420D3700E76273 /* NSLayoutConstraint+MASDebugAdditions.m */ = {isa = PBXFileReference; fileEncoding = 4; lastKnownFileType = sourcecode.c.objc; path = "NSLayoutConstraint+MASDebugAdditions.m"; sourceTree = "<group>"; };
		573C634121420D3700E76273 /* MASConstraint+Private.h */ = {isa = PBXFileReference; fileEncoding = 4; lastKnownFileType = sourcecode.c.h; path = "MASConstraint+Private.h"; sourceTree = "<group>"; };
		573C634221420D3700E76273 /* MASLayoutConstraint.h */ = {isa = PBXFileReference; fileEncoding = 4; lastKnownFileType = sourcecode.c.h; path = MASLayoutConstraint.h; sourceTree = "<group>"; };
		573C634321420D3700E76273 /* NSArray+MASShorthandAdditions.h */ = {isa = PBXFileReference; fileEncoding = 4; lastKnownFileType = sourcecode.c.h; path = "NSArray+MASShorthandAdditions.h"; sourceTree = "<group>"; };
		573C634421420D3700E76273 /* MASConstraintMaker.h */ = {isa = PBXFileReference; fileEncoding = 4; lastKnownFileType = sourcecode.c.h; path = MASConstraintMaker.h; sourceTree = "<group>"; };
		573C634521420D3700E76273 /* View+MASAdditions.h */ = {isa = PBXFileReference; fileEncoding = 4; lastKnownFileType = sourcecode.c.h; path = "View+MASAdditions.h"; sourceTree = "<group>"; };
		573C634621420D3700E76273 /* NSArray+MASAdditions.h */ = {isa = PBXFileReference; fileEncoding = 4; lastKnownFileType = sourcecode.c.h; path = "NSArray+MASAdditions.h"; sourceTree = "<group>"; };
		573C634721420D3700E76273 /* MASUtilities.h */ = {isa = PBXFileReference; fileEncoding = 4; lastKnownFileType = sourcecode.c.h; path = MASUtilities.h; sourceTree = "<group>"; };
		573C634821420D3700E76273 /* MASViewAttribute.h */ = {isa = PBXFileReference; fileEncoding = 4; lastKnownFileType = sourcecode.c.h; path = MASViewAttribute.h; sourceTree = "<group>"; };
		573C634921420D3700E76273 /* ViewController+MASAdditions.m */ = {isa = PBXFileReference; fileEncoding = 4; lastKnownFileType = sourcecode.c.objc; path = "ViewController+MASAdditions.m"; sourceTree = "<group>"; };
		573C634A21420D3700E76273 /* MASViewConstraint.h */ = {isa = PBXFileReference; fileEncoding = 4; lastKnownFileType = sourcecode.c.h; path = MASViewConstraint.h; sourceTree = "<group>"; };
		573C634B21420D3700E76273 /* MASConstraint.h */ = {isa = PBXFileReference; fileEncoding = 4; lastKnownFileType = sourcecode.c.h; path = MASConstraint.h; sourceTree = "<group>"; };
		573C634C21420D3700E76273 /* NSLayoutConstraint+MASDebugAdditions.h */ = {isa = PBXFileReference; fileEncoding = 4; lastKnownFileType = sourcecode.c.h; path = "NSLayoutConstraint+MASDebugAdditions.h"; sourceTree = "<group>"; };
		573C634D21420D3700E76273 /* MASCompositeConstraint.m */ = {isa = PBXFileReference; fileEncoding = 4; lastKnownFileType = sourcecode.c.objc; path = MASCompositeConstraint.m; sourceTree = "<group>"; };
		573C634E21420D3700E76273 /* MASConstraintMaker.m */ = {isa = PBXFileReference; fileEncoding = 4; lastKnownFileType = sourcecode.c.objc; path = MASConstraintMaker.m; sourceTree = "<group>"; };
		573C634F21420D3700E76273 /* MASLayoutConstraint.m */ = {isa = PBXFileReference; fileEncoding = 4; lastKnownFileType = sourcecode.c.objc; path = MASLayoutConstraint.m; sourceTree = "<group>"; };
		573C635021420D3700E76273 /* NSArray+MASAdditions.m */ = {isa = PBXFileReference; fileEncoding = 4; lastKnownFileType = sourcecode.c.objc; path = "NSArray+MASAdditions.m"; sourceTree = "<group>"; };
		573C635121420D3700E76273 /* View+MASAdditions.m */ = {isa = PBXFileReference; fileEncoding = 4; lastKnownFileType = sourcecode.c.objc; path = "View+MASAdditions.m"; sourceTree = "<group>"; };
		573C635221420D3700E76273 /* View+MASShorthandAdditions.h */ = {isa = PBXFileReference; fileEncoding = 4; lastKnownFileType = sourcecode.c.h; path = "View+MASShorthandAdditions.h"; sourceTree = "<group>"; };
		573C635321420D3700E76273 /* Masonry.h */ = {isa = PBXFileReference; fileEncoding = 4; lastKnownFileType = sourcecode.c.h; path = Masonry.h; sourceTree = "<group>"; };
		573C635421420D3700E76273 /* MASConstraint.m */ = {isa = PBXFileReference; fileEncoding = 4; lastKnownFileType = sourcecode.c.objc; path = MASConstraint.m; sourceTree = "<group>"; };
		573C635521420D3700E76273 /* ViewController+MASAdditions.h */ = {isa = PBXFileReference; fileEncoding = 4; lastKnownFileType = sourcecode.c.h; path = "ViewController+MASAdditions.h"; sourceTree = "<group>"; };
		573C635621420D3700E76273 /* MASViewConstraint.m */ = {isa = PBXFileReference; fileEncoding = 4; lastKnownFileType = sourcecode.c.objc; path = MASViewConstraint.m; sourceTree = "<group>"; };
		573C635721420D3700E76273 /* MASViewAttribute.m */ = {isa = PBXFileReference; fileEncoding = 4; lastKnownFileType = sourcecode.c.objc; path = MASViewAttribute.m; sourceTree = "<group>"; };
		573C635821420D3700E76273 /* Info.plist */ = {isa = PBXFileReference; fileEncoding = 4; lastKnownFileType = text.plist.xml; path = Info.plist; sourceTree = "<group>"; };
		573C63682142121A00E76273 /* HsConfigration.m */ = {isa = PBXFileReference; fileEncoding = 4; lastKnownFileType = sourcecode.c.objc; path = HsConfigration.m; sourceTree = "<group>"; };
		573C63692142121A00E76273 /* HsConfigration.h */ = {isa = PBXFileReference; fileEncoding = 4; lastKnownFileType = sourcecode.c.h; path = HsConfigration.h; sourceTree = "<group>"; };
		573C636B214212F800E76273 /* HsStyle.h */ = {isa = PBXFileReference; fileEncoding = 4; lastKnownFileType = sourcecode.c.h; path = HsStyle.h; sourceTree = "<group>"; };
		573C636C214212F800E76273 /* HsStyle.m */ = {isa = PBXFileReference; fileEncoding = 4; lastKnownFileType = sourcecode.c.objc; path = HsStyle.m; sourceTree = "<group>"; };
		5740E8DB21391511007731F7 /* SHChildViewController.h */ = {isa = PBXFileReference; lastKnownFileType = sourcecode.c.h; path = SHChildViewController.h; sourceTree = "<group>"; };
		5740E8DC21391511007731F7 /* SHChildViewController.m */ = {isa = PBXFileReference; lastKnownFileType = sourcecode.c.objc; path = SHChildViewController.m; sourceTree = "<group>"; };
		57425DFF21A6C1290009A24D /* YZAlertView.h */ = {isa = PBXFileReference; fileEncoding = 4; lastKnownFileType = sourcecode.c.h; path = YZAlertView.h; sourceTree = "<group>"; };
		57425E0021A6C1290009A24D /* YZAlertView.m */ = {isa = PBXFileReference; fileEncoding = 4; lastKnownFileType = sourcecode.c.objc; path = YZAlertView.m; sourceTree = "<group>"; };
		57425E0521A6C1BC0009A24D /* ZFTipAlertView.h */ = {isa = PBXFileReference; lastKnownFileType = sourcecode.c.h; path = ZFTipAlertView.h; sourceTree = "<group>"; };
		57425E0621A6C1BC0009A24D /* ZFTipAlertView.m */ = {isa = PBXFileReference; lastKnownFileType = sourcecode.c.objc; path = ZFTipAlertView.m; sourceTree = "<group>"; };
		57425E0821A6C24A0009A24D /* ZFTipAlertView.xib */ = {isa = PBXFileReference; lastKnownFileType = file.xib; path = ZFTipAlertView.xib; sourceTree = "<group>"; };
		57657113213E240E0072BCB3 /* RotationButtonViewController.h */ = {isa = PBXFileReference; lastKnownFileType = sourcecode.c.h; path = RotationButtonViewController.h; sourceTree = "<group>"; };
		57657114213E240E0072BCB3 /* RotationButtonViewController.m */ = {isa = PBXFileReference; lastKnownFileType = sourcecode.c.objc; path = RotationButtonViewController.m; sourceTree = "<group>"; };
		57657118213E7B3B0072BCB3 /* SHChildTwoViewController.h */ = {isa = PBXFileReference; lastKnownFileType = sourcecode.c.h; path = SHChildTwoViewController.h; sourceTree = "<group>"; };
		57657119213E7B3B0072BCB3 /* SHChildTwoViewController.m */ = {isa = PBXFileReference; lastKnownFileType = sourcecode.c.objc; path = SHChildTwoViewController.m; sourceTree = "<group>"; };
		5775307420F7431A00707BCC /* SHDemoTest.app */ = {isa = PBXFileReference; explicitFileType = wrapper.application; includeInIndex = 0; path = SHDemoTest.app; sourceTree = BUILT_PRODUCTS_DIR; };
		5775307720F7431A00707BCC /* AppDelegate.h */ = {isa = PBXFileReference; lastKnownFileType = sourcecode.c.h; path = AppDelegate.h; sourceTree = "<group>"; };
		5775307820F7431A00707BCC /* AppDelegate.m */ = {isa = PBXFileReference; lastKnownFileType = sourcecode.c.objc; path = AppDelegate.m; sourceTree = "<group>"; };
		5775307A20F7431A00707BCC /* ViewController.h */ = {isa = PBXFileReference; lastKnownFileType = sourcecode.c.h; path = ViewController.h; sourceTree = "<group>"; };
		5775307B20F7431A00707BCC /* ViewController.m */ = {isa = PBXFileReference; lastKnownFileType = sourcecode.c.objc; path = ViewController.m; sourceTree = "<group>"; };
		5775307E20F7431A00707BCC /* Base */ = {isa = PBXFileReference; lastKnownFileType = file.storyboard; name = Base; path = Base.lproj/Main.storyboard; sourceTree = "<group>"; };
		5775308020F7431E00707BCC /* Assets.xcassets */ = {isa = PBXFileReference; lastKnownFileType = folder.assetcatalog; path = Assets.xcassets; sourceTree = "<group>"; };
		5775308320F7431E00707BCC /* Base */ = {isa = PBXFileReference; lastKnownFileType = file.storyboard; name = Base; path = Base.lproj/LaunchScreen.storyboard; sourceTree = "<group>"; };
		5775308520F7431E00707BCC /* Info.plist */ = {isa = PBXFileReference; lastKnownFileType = text.plist.xml; path = Info.plist; sourceTree = "<group>"; };
		5775308620F7431E00707BCC /* main.m */ = {isa = PBXFileReference; lastKnownFileType = sourcecode.c.objc; path = main.m; sourceTree = "<group>"; };
		57793F6C21A54C99006078A1 /* SHScrollTaoTableViewController.h */ = {isa = PBXFileReference; lastKnownFileType = sourcecode.c.h; path = SHScrollTaoTableViewController.h; sourceTree = "<group>"; };
		57793F6D21A54C99006078A1 /* SHScrollTaoTableViewController.m */ = {isa = PBXFileReference; lastKnownFileType = sourcecode.c.objc; path = SHScrollTaoTableViewController.m; sourceTree = "<group>"; };
		57793F7021A5630A006078A1 /* ZXMutipleGestureTableView.m */ = {isa = PBXFileReference; fileEncoding = 4; lastKnownFileType = sourcecode.c.objc; path = ZXMutipleGestureTableView.m; sourceTree = "<group>"; };
		57793F7121A5630A006078A1 /* ZXMutipleGestureTableView.h */ = {isa = PBXFileReference; fileEncoding = 4; lastKnownFileType = sourcecode.c.h; path = ZXMutipleGestureTableView.h; sourceTree = "<group>"; };
		57AF1C2921AFD9D8002B54BE /* ZFSelectionView.h */ = {isa = PBXFileReference; lastKnownFileType = sourcecode.c.h; path = ZFSelectionView.h; sourceTree = "<group>"; };
		57AF1C2A21AFD9D8002B54BE /* ZFSelectionView.m */ = {isa = PBXFileReference; lastKnownFileType = sourcecode.c.objc; path = ZFSelectionView.m; sourceTree = "<group>"; };
		57B75F882189A42F006982BA /* CRHFramework */ = {isa = PBXFileReference; lastKnownFileType = "compiled.mach-o.objfile"; name = CRHFramework; path = SHDemoTest/CRHFramework.framework/CRHFramework; sourceTree = "<group>"; };
		57B801B12189980A008D1CEF /* VideoToolbox.framework */ = {isa = PBXFileReference; lastKnownFileType = wrapper.framework; name = VideoToolbox.framework; path = System/Library/Frameworks/VideoToolbox.framework; sourceTree = SDKROOT; };
		57B801B32189993D008D1CEF /* libstdc++.6.tbd */ = {isa = PBXFileReference; lastKnownFileType = "sourcecode.text-based-dylib-definition"; name = "libstdc++.6.tbd"; path = "usr/lib/libstdc++.6.tbd"; sourceTree = SDKROOT; };
		57B801B521899952008D1CEF /* libz.tbd */ = {isa = PBXFileReference; lastKnownFileType = "sourcecode.text-based-dylib-definition"; name = libz.tbd; path = usr/lib/libz.tbd; sourceTree = SDKROOT; };
		57B801B721899964008D1CEF /* libc++.tbd */ = {isa = PBXFileReference; lastKnownFileType = "sourcecode.text-based-dylib-definition"; name = "libc++.tbd"; path = "usr/lib/libc++.tbd"; sourceTree = SDKROOT; };
		57B801B921899977008D1CEF /* libstdc++.tbd */ = {isa = PBXFileReference; lastKnownFileType = "sourcecode.text-based-dylib-definition"; name = "libstdc++.tbd"; path = "usr/lib/libstdc++.tbd"; sourceTree = SDKROOT; };
		57B801BB21899980008D1CEF /* SystemConfiguration.framework */ = {isa = PBXFileReference; lastKnownFileType = wrapper.framework; name = SystemConfiguration.framework; path = System/Library/Frameworks/SystemConfiguration.framework; sourceTree = SDKROOT; };
		57B801BD21899987008D1CEF /* Security.framework */ = {isa = PBXFileReference; lastKnownFileType = wrapper.framework; name = Security.framework; path = System/Library/Frameworks/Security.framework; sourceTree = SDKROOT; };
		57B801BF21899990008D1CEF /* CoreTelephony.framework */ = {isa = PBXFileReference; lastKnownFileType = wrapper.framework; name = CoreTelephony.framework; path = System/Library/Frameworks/CoreTelephony.framework; sourceTree = SDKROOT; };
		57B801C12189999C008D1CEF /* Foundation.framework */ = {isa = PBXFileReference; lastKnownFileType = wrapper.framework; name = Foundation.framework; path = System/Library/Frameworks/Foundation.framework; sourceTree = SDKROOT; };
		57B801C3218999A5008D1CEF /* CoreFoundation.framework */ = {isa = PBXFileReference; lastKnownFileType = wrapper.framework; name = CoreFoundation.framework; path = System/Library/Frameworks/CoreFoundation.framework; sourceTree = SDKROOT; };
		57B801C5218999BB008D1CEF /* QuartzCore.framework */ = {isa = PBXFileReference; lastKnownFileType = wrapper.framework; name = QuartzCore.framework; path = System/Library/Frameworks/QuartzCore.framework; sourceTree = SDKROOT; };
		57B801C7218999C4008D1CEF /* CoreVideo.framework */ = {isa = PBXFileReference; lastKnownFileType = wrapper.framework; name = CoreVideo.framework; path = System/Library/Frameworks/CoreVideo.framework; sourceTree = SDKROOT; };
		57B801C9218999CD008D1CEF /* AudioToolbox.framework */ = {isa = PBXFileReference; lastKnownFileType = wrapper.framework; name = AudioToolbox.framework; path = System/Library/Frameworks/AudioToolbox.framework; sourceTree = SDKROOT; };
		57B801CB218999D6008D1CEF /* AVFoundation.framework */ = {isa = PBXFileReference; lastKnownFileType = wrapper.framework; name = AVFoundation.framework; path = System/Library/Frameworks/AVFoundation.framework; sourceTree = SDKROOT; };
		57B801CD218999DD008D1CEF /* CoreMedia.framework */ = {isa = PBXFileReference; lastKnownFileType = wrapper.framework; name = CoreMedia.framework; path = System/Library/Frameworks/CoreMedia.framework; sourceTree = SDKROOT; };
		57C2C1FB2137D92600442387 /* KeychainItemWrapper.m */ = {isa = PBXFileReference; fileEncoding = 4; lastKnownFileType = sourcecode.c.objc; path = KeychainItemWrapper.m; sourceTree = "<group>"; };
		57C2C1FC2137D92600442387 /* KeychainItemWrapper.h */ = {isa = PBXFileReference; fileEncoding = 4; lastKnownFileType = sourcecode.c.h; path = KeychainItemWrapper.h; sourceTree = "<group>"; };
		57CD3E7E21524434004A137A /* SHAlertViewController.h */ = {isa = PBXFileReference; lastKnownFileType = sourcecode.c.h; path = SHAlertViewController.h; sourceTree = "<group>"; };
		57CD3E7F21524434004A137A /* SHAlertViewController.m */ = {isa = PBXFileReference; lastKnownFileType = sourcecode.c.objc; path = SHAlertViewController.m; sourceTree = "<group>"; };
		57D05304214638FF003402C7 /* HsBaseActionSheet.h */ = {isa = PBXFileReference; fileEncoding = 4; lastKnownFileType = sourcecode.c.h; path = HsBaseActionSheet.h; sourceTree = "<group>"; };
		57D05305214638FF003402C7 /* HsBaseActionSheet.m */ = {isa = PBXFileReference; fileEncoding = 4; lastKnownFileType = sourcecode.c.objc; path = HsBaseActionSheet.m; sourceTree = "<group>"; };
		57D0530821463930003402C7 /* UIImage+HsImageColor.h */ = {isa = PBXFileReference; fileEncoding = 4; lastKnownFileType = sourcecode.c.h; path = "UIImage+HsImageColor.h"; sourceTree = "<group>"; };
		57D0530921463930003402C7 /* UIImage+HsImageColor.m */ = {isa = PBXFileReference; fileEncoding = 4; lastKnownFileType = sourcecode.c.objc; path = "UIImage+HsImageColor.m"; sourceTree = "<group>"; };
		57D0530D21463A09003402C7 /* SHConst.h */ = {isa = PBXFileReference; lastKnownFileType = sourcecode.c.h; path = SHConst.h; sourceTree = "<group>"; };
		57D0530F21463AEE003402C7 /* UIColor+ColorChange.m */ = {isa = PBXFileReference; fileEncoding = 4; lastKnownFileType = sourcecode.c.objc; path = "UIColor+ColorChange.m"; sourceTree = "<group>"; };
		57D0531021463AEE003402C7 /* UIColor+ColorChange.h */ = {isa = PBXFileReference; fileEncoding = 4; lastKnownFileType = sourcecode.c.h; path = "UIColor+ColorChange.h"; sourceTree = "<group>"; };
		57D0531221463B25003402C7 /* SHConstDefine.pch */ = {isa = PBXFileReference; lastKnownFileType = sourcecode.c.h; path = SHConstDefine.pch; sourceTree = "<group>"; };
		57D053172146402F003402C7 /* SHDefine.h */ = {isa = PBXFileReference; lastKnownFileType = sourcecode.c.h; path = SHDefine.h; sourceTree = "<group>"; };
		57D053182146402F003402C7 /* SHDefine.m */ = {isa = PBXFileReference; lastKnownFileType = sourcecode.c.objc; path = SHDefine.m; sourceTree = "<group>"; };
		57D0531C2146416C003402C7 /* RKFrameAdjustBlockManager.m */ = {isa = PBXFileReference; fileEncoding = 4; lastKnownFileType = sourcecode.c.objc; path = RKFrameAdjustBlockManager.m; sourceTree = "<group>"; };
		57D0531D2146416C003402C7 /* RKFrameAdjustBlockManager.h */ = {isa = PBXFileReference; fileEncoding = 4; lastKnownFileType = sourcecode.c.h; path = RKFrameAdjustBlockManager.h; sourceTree = "<group>"; };
		57D0531F2146418F003402C7 /* RKSynthesizeSigleton.h */ = {isa = PBXFileReference; fileEncoding = 4; lastKnownFileType = sourcecode.c.h; path = RKSynthesizeSigleton.h; sourceTree = "<group>"; };
		57D0537F21466539003402C7 /* HSLinkAlertView.h */ = {isa = PBXFileReference; lastKnownFileType = sourcecode.c.h; path = HSLinkAlertView.h; sourceTree = "<group>"; };
		57D0538021466539003402C7 /* HSLinkAlertView.m */ = {isa = PBXFileReference; lastKnownFileType = sourcecode.c.objc; path = HSLinkAlertView.m; sourceTree = "<group>"; };
		57D05382214668C3003402C7 /* HsCheckBoxWidgets.h */ = {isa = PBXFileReference; fileEncoding = 4; lastKnownFileType = sourcecode.c.h; path = HsCheckBoxWidgets.h; sourceTree = "<group>"; };
		57D05383214668C3003402C7 /* HsCheckBoxWidgets.m */ = {isa = PBXFileReference; fileEncoding = 4; lastKnownFileType = sourcecode.c.objc; path = HsCheckBoxWidgets.m; sourceTree = "<group>"; };
		57EB7BEA218C1DBF001B4AD9 /* HsAlertViewController.h */ = {isa = PBXFileReference; lastKnownFileType = sourcecode.c.h; path = HsAlertViewController.h; sourceTree = "<group>"; };
		57EB7BEB218C1DBF001B4AD9 /* HsAlertViewController.m */ = {isa = PBXFileReference; lastKnownFileType = sourcecode.c.objc; path = HsAlertViewController.m; sourceTree = "<group>"; };
		57EB7BF5219049F2001B4AD9 /* UIView+RKLayoutUtil.h */ = {isa = PBXFileReference; fileEncoding = 4; lastKnownFileType = sourcecode.c.h; path = "UIView+RKLayoutUtil.h"; sourceTree = "<group>"; };
		57EB7BF6219049F2001B4AD9 /* UIView+RKLayoutUtil.m */ = {isa = PBXFileReference; fileEncoding = 4; lastKnownFileType = sourcecode.c.objc; path = "UIView+RKLayoutUtil.m"; sourceTree = "<group>"; };
		57EB7BFB21912543001B4AD9 /* SHPopViewController.h */ = {isa = PBXFileReference; lastKnownFileType = sourcecode.c.h; path = SHPopViewController.h; sourceTree = "<group>"; };
		57EB7BFC21912543001B4AD9 /* SHPopViewController.m */ = {isa = PBXFileReference; lastKnownFileType = sourcecode.c.objc; path = SHPopViewController.m; sourceTree = "<group>"; };
		57EB7C0521915E7C001B4AD9 /* HsPopLabel.m */ = {isa = PBXFileReference; fileEncoding = 4; lastKnownFileType = sourcecode.c.objc; path = HsPopLabel.m; sourceTree = "<group>"; };
		57EB7C0621915E7C001B4AD9 /* HsPopLabel.h */ = {isa = PBXFileReference; fileEncoding = 4; lastKnownFileType = sourcecode.c.h; path = HsPopLabel.h; sourceTree = "<group>"; };
/* End PBXFileReference section */

/* Begin PBXFrameworksBuildPhase section */
		5775307120F7431A00707BCC /* Frameworks */ = {
			isa = PBXFrameworksBuildPhase;
			buildActionMask = 2147483647;
			files = (
				57B801CE218999DD008D1CEF /* CoreMedia.framework in Frameworks */,
				57B801CC218999D6008D1CEF /* AVFoundation.framework in Frameworks */,
				57B801CA218999CD008D1CEF /* AudioToolbox.framework in Frameworks */,
				57B801C8218999C4008D1CEF /* CoreVideo.framework in Frameworks */,
				57B801C6218999BB008D1CEF /* QuartzCore.framework in Frameworks */,
				57B801C4218999A5008D1CEF /* CoreFoundation.framework in Frameworks */,
				57B801C22189999C008D1CEF /* Foundation.framework in Frameworks */,
				57B801C021899990008D1CEF /* CoreTelephony.framework in Frameworks */,
				57B801BE21899987008D1CEF /* Security.framework in Frameworks */,
				57B801BC21899980008D1CEF /* SystemConfiguration.framework in Frameworks */,
				57B801BA21899977008D1CEF /* libstdc++.tbd in Frameworks */,
				57B801B821899965008D1CEF /* libc++.tbd in Frameworks */,
				57B801B621899952008D1CEF /* libz.tbd in Frameworks */,
				57B801B42189993D008D1CEF /* libstdc++.6.tbd in Frameworks */,
				57B801B22189980A008D1CEF /* VideoToolbox.framework in Frameworks */,
			);
			runOnlyForDeploymentPostprocessing = 0;
		};
/* End PBXFrameworksBuildPhase section */

/* Begin PBXGroup section */
		573C633C21420CE800E76273 /* CustomAlertView */ = {
			isa = PBXGroup;
			children = (
				57425DFF21A6C1290009A24D /* YZAlertView.h */,
				57425E0021A6C1290009A24D /* YZAlertView.m */,
				57425E0521A6C1BC0009A24D /* ZFTipAlertView.h */,
				57425E0621A6C1BC0009A24D /* ZFTipAlertView.m */,
				57425E0821A6C24A0009A24D /* ZFTipAlertView.xib */,
				573758C421A6A19500C89F34 /* HsNoticeTooltipView.h */,
				573758C521A6A19500C89F34 /* HsNoticeTooltipView.m */,
				57D0537F21466539003402C7 /* HSLinkAlertView.h */,
				57D0538021466539003402C7 /* HSLinkAlertView.m */,
			);
			path = CustomAlertView;
			sourceTree = "<group>";
		};
		573C633D21420D0A00E76273 /* Vedor */ = {
			isa = PBXGroup;
			children = (
				5740E8DA21391488007731F7 /* KeychainItemWarpper */,
				573C633E21420D3700E76273 /* Masonry */,
			);
			path = Vedor;
			sourceTree = "<group>";
		};
		573C633E21420D3700E76273 /* Masonry */ = {
			isa = PBXGroup;
			children = (
				573C633F21420D3700E76273 /* MASCompositeConstraint.h */,
				573C634021420D3700E76273 /* NSLayoutConstraint+MASDebugAdditions.m */,
				573C634121420D3700E76273 /* MASConstraint+Private.h */,
				573C634221420D3700E76273 /* MASLayoutConstraint.h */,
				573C634321420D3700E76273 /* NSArray+MASShorthandAdditions.h */,
				573C634421420D3700E76273 /* MASConstraintMaker.h */,
				573C634521420D3700E76273 /* View+MASAdditions.h */,
				573C634621420D3700E76273 /* NSArray+MASAdditions.h */,
				573C634721420D3700E76273 /* MASUtilities.h */,
				573C634821420D3700E76273 /* MASViewAttribute.h */,
				573C634921420D3700E76273 /* ViewController+MASAdditions.m */,
				573C634A21420D3700E76273 /* MASViewConstraint.h */,
				573C634B21420D3700E76273 /* MASConstraint.h */,
				573C634C21420D3700E76273 /* NSLayoutConstraint+MASDebugAdditions.h */,
				573C634D21420D3700E76273 /* MASCompositeConstraint.m */,
				573C634E21420D3700E76273 /* MASConstraintMaker.m */,
				573C634F21420D3700E76273 /* MASLayoutConstraint.m */,
				573C635021420D3700E76273 /* NSArray+MASAdditions.m */,
				573C635121420D3700E76273 /* View+MASAdditions.m */,
				573C635221420D3700E76273 /* View+MASShorthandAdditions.h */,
				573C635321420D3700E76273 /* Masonry.h */,
				573C635421420D3700E76273 /* MASConstraint.m */,
				573C635521420D3700E76273 /* ViewController+MASAdditions.h */,
				573C635621420D3700E76273 /* MASViewConstraint.m */,
				573C635721420D3700E76273 /* MASViewAttribute.m */,
				573C635821420D3700E76273 /* Info.plist */,
			);
			path = Masonry;
			sourceTree = "<group>";
		};
		573C63672142120E00E76273 /* Configration */ = {
			isa = PBXGroup;
			children = (
				573C63692142121A00E76273 /* HsConfigration.h */,
				573C63682142121A00E76273 /* HsConfigration.m */,
				573C636B214212F800E76273 /* HsStyle.h */,
				573C636C214212F800E76273 /* HsStyle.m */,
			);
			path = Configration;
			sourceTree = "<group>";
		};
		5740E8DA21391488007731F7 /* KeychainItemWarpper */ = {
			isa = PBXGroup;
			children = (
				57C2C1FC2137D92600442387 /* KeychainItemWrapper.h */,
				57C2C1FB2137D92600442387 /* KeychainItemWrapper.m */,
			);
			path = KeychainItemWarpper;
			sourceTree = "<group>";
		};
		5751DECB214B86D7003B5CD4 /* CustomActionSheet */ = {
			isa = PBXGroup;
			children = (
				57D05304214638FF003402C7 /* HsBaseActionSheet.h */,
				57D05305214638FF003402C7 /* HsBaseActionSheet.m */,
			);
			path = CustomActionSheet;
			sourceTree = "<group>";
		};
		57657112213E21EB0072BCB3 /* ChildViewController */ = {
			isa = PBXGroup;
			children = (
				5740E8DB21391511007731F7 /* SHChildViewController.h */,
				5740E8DC21391511007731F7 /* SHChildViewController.m */,
				57657118213E7B3B0072BCB3 /* SHChildTwoViewController.h */,
				57657119213E7B3B0072BCB3 /* SHChildTwoViewController.m */,
			);
			path = ChildViewController;
			sourceTree = "<group>";
		};
		57657117213E79560072BCB3 /* RotationViewController */ = {
			isa = PBXGroup;
			children = (
				57657113213E240E0072BCB3 /* RotationButtonViewController.h */,
				57657114213E240E0072BCB3 /* RotationButtonViewController.m */,
			);
			path = RotationViewController;
			sourceTree = "<group>";
		};
		5775306B20F7431A00707BCC = {
			isa = PBXGroup;
			children = (
				5775307620F7431A00707BCC /* SHDemoTest */,
				5775307520F7431A00707BCC /* Products */,
				57B801B021899809008D1CEF /* Frameworks */,
			);
			sourceTree = "<group>";
		};
		5775307520F7431A00707BCC /* Products */ = {
			isa = PBXGroup;
			children = (
				5775307420F7431A00707BCC /* SHDemoTest.app */,
			);
			name = Products;
			sourceTree = "<group>";
		};
		5775307620F7431A00707BCC /* SHDemoTest */ = {
			isa = PBXGroup;
			children = (
				57D053212146444B003402C7 /* AppInterface */,
				573C63672142120E00E76273 /* Configration */,
				57D0530C214639F6003402C7 /* Const */,
				57D0531A21464133003402C7 /* Controller */,
				57D0531B21464161003402C7 /* Manager */,
				57D0532021464202003402C7 /* Resource */,
				57D05302214638E3003402C7 /* Utils */,
				573C633D21420D0A00E76273 /* Vedor */,
				57B801AD2189977E008D1CEF /* framework */,
			);
			path = SHDemoTest;
			sourceTree = "<group>";
		};
		57793F6F21A5630A006078A1 /* MutipleGestureTableView */ = {
			isa = PBXGroup;
			children = (
				57793F7021A5630A006078A1 /* ZXMutipleGestureTableView.m */,
				57793F7121A5630A006078A1 /* ZXMutipleGestureTableView.h */,
			);
			path = MutipleGestureTableView;
			sourceTree = "<group>";
		};
		57B801AD2189977E008D1CEF /* framework */ = {
			isa = PBXGroup;
			children = (
			);
			path = framework;
			sourceTree = "<group>";
		};
		57B801B021899809008D1CEF /* Frameworks */ = {
			isa = PBXGroup;
			children = (
				57B75F882189A42F006982BA /* CRHFramework */,
				57B801CD218999DD008D1CEF /* CoreMedia.framework */,
				57B801CB218999D6008D1CEF /* AVFoundation.framework */,
				57B801C9218999CD008D1CEF /* AudioToolbox.framework */,
				57B801C7218999C4008D1CEF /* CoreVideo.framework */,
				57B801C5218999BB008D1CEF /* QuartzCore.framework */,
				57B801C3218999A5008D1CEF /* CoreFoundation.framework */,
				57B801C12189999C008D1CEF /* Foundation.framework */,
				57B801BF21899990008D1CEF /* CoreTelephony.framework */,
				57B801BD21899987008D1CEF /* Security.framework */,
				57B801BB21899980008D1CEF /* SystemConfiguration.framework */,
				57B801B921899977008D1CEF /* libstdc++.tbd */,
				57B801B721899964008D1CEF /* libc++.tbd */,
				57B801B521899952008D1CEF /* libz.tbd */,
				57B801B32189993D008D1CEF /* libstdc++.6.tbd */,
				57B801B12189980A008D1CEF /* VideoToolbox.framework */,
			);
			name = Frameworks;
			sourceTree = "<group>";
		};
		57D05302214638E3003402C7 /* Utils */ = {
			isa = PBXGroup;
			children = (
				57D0530721463922003402C7 /* SHCategory */,
				57D05303214638EC003402C7 /* SHCustomControl */,
			);
			path = Utils;
			sourceTree = "<group>";
		};
		57D05303214638EC003402C7 /* SHCustomControl */ = {
			isa = PBXGroup;
			children = (
				57793F6F21A5630A006078A1 /* MutipleGestureTableView */,
				57EB7BE8218C1D28001B4AD9 /* CustomAlertController */,
				5751DECB214B86D7003B5CD4 /* CustomActionSheet */,
				573C633C21420CE800E76273 /* CustomAlertView */,
				57EB7BFE2191259B001B4AD9 /* PopView */,
				57D05382214668C3003402C7 /* HsCheckBoxWidgets.h */,
				57D05383214668C3003402C7 /* HsCheckBoxWidgets.m */,
				57AF1C2921AFD9D8002B54BE /* ZFSelectionView.h */,
				57AF1C2A21AFD9D8002B54BE /* ZFSelectionView.m */,
			);
			path = SHCustomControl;
			sourceTree = "<group>";
		};
		57D0530721463922003402C7 /* SHCategory */ = {
			isa = PBXGroup;
			children = (
				57D0531321463E07003402C7 /* UIView+... */,
				57D0530E21463AD0003402C7 /* UIColor+... */,
				57D0530B2146396B003402C7 /* UIImage+... */,
			);
			path = SHCategory;
			sourceTree = "<group>";
		};
		57D0530B2146396B003402C7 /* UIImage+... */ = {
			isa = PBXGroup;
			children = (
				57D0530821463930003402C7 /* UIImage+HsImageColor.h */,
				57D0530921463930003402C7 /* UIImage+HsImageColor.m */,
			);
			path = "UIImage+...";
			sourceTree = "<group>";
		};
		57D0530C214639F6003402C7 /* Const */ = {
			isa = PBXGroup;
			children = (
				57D0530D21463A09003402C7 /* SHConst.h */,
				57D053172146402F003402C7 /* SHDefine.h */,
				57D053182146402F003402C7 /* SHDefine.m */,
				57D0531221463B25003402C7 /* SHConstDefine.pch */,
			);
			path = Const;
			sourceTree = "<group>";
		};
		57D0530E21463AD0003402C7 /* UIColor+... */ = {
			isa = PBXGroup;
			children = (
				57D0531021463AEE003402C7 /* UIColor+ColorChange.h */,
				57D0530F21463AEE003402C7 /* UIColor+ColorChange.m */,
			);
			path = "UIColor+...";
			sourceTree = "<group>";
		};
		57D0531321463E07003402C7 /* UIView+... */ = {
			isa = PBXGroup;
			children = (
				57EB7BF5219049F2001B4AD9 /* UIView+RKLayoutUtil.h */,
				57EB7BF6219049F2001B4AD9 /* UIView+RKLayoutUtil.m */,
			);
			path = "UIView+...";
			sourceTree = "<group>";
		};
		57D0531A21464133003402C7 /* Controller */ = {
			isa = PBXGroup;
			children = (
				57657117213E79560072BCB3 /* RotationViewController */,
				57657112213E21EB0072BCB3 /* ChildViewController */,
				57CD3E7E21524434004A137A /* SHAlertViewController.h */,
				57CD3E7F21524434004A137A /* SHAlertViewController.m */,
				57EB7BFB21912543001B4AD9 /* SHPopViewController.h */,
				57EB7BFC21912543001B4AD9 /* SHPopViewController.m */,
				57793F6C21A54C99006078A1 /* SHScrollTaoTableViewController.h */,
				57793F6D21A54C99006078A1 /* SHScrollTaoTableViewController.m */,
			);
			path = Controller;
			sourceTree = "<group>";
		};
		57D0531B21464161003402C7 /* Manager */ = {
			isa = PBXGroup;
			children = (
				57D0531F2146418F003402C7 /* RKSynthesizeSigleton.h */,
				57D0531D2146416C003402C7 /* RKFrameAdjustBlockManager.h */,
				57D0531C2146416C003402C7 /* RKFrameAdjustBlockManager.m */,
			);
			path = Manager;
			sourceTree = "<group>";
		};
		57D0532021464202003402C7 /* Resource */ = {
			isa = PBXGroup;
			children = (
				5775307D20F7431A00707BCC /* Main.storyboard */,
				5775308020F7431E00707BCC /* Assets.xcassets */,
				5775308220F7431E00707BCC /* LaunchScreen.storyboard */,
				5775308620F7431E00707BCC /* main.m */,
				5775308520F7431E00707BCC /* Info.plist */,
			);
			path = Resource;
			sourceTree = "<group>";
		};
		57D053212146444B003402C7 /* AppInterface */ = {
			isa = PBXGroup;
			children = (
				5775307720F7431A00707BCC /* AppDelegate.h */,
				5775307820F7431A00707BCC /* AppDelegate.m */,
				5775307A20F7431A00707BCC /* ViewController.h */,
				5775307B20F7431A00707BCC /* ViewController.m */,
			);
			path = AppInterface;
			sourceTree = "<group>";
		};
		57EB7BE8218C1D28001B4AD9 /* CustomAlertController */ = {
			isa = PBXGroup;
			children = (
				57EB7BEA218C1DBF001B4AD9 /* HsAlertViewController.h */,
				57EB7BEB218C1DBF001B4AD9 /* HsAlertViewController.m */,
			);
			path = CustomAlertController;
			sourceTree = "<group>";
		};
		57EB7BFE2191259B001B4AD9 /* PopView */ = {
			isa = PBXGroup;
			children = (
				57EB7C0621915E7C001B4AD9 /* HsPopLabel.h */,
				57EB7C0521915E7C001B4AD9 /* HsPopLabel.m */,
			);
			path = PopView;
			sourceTree = "<group>";
		};
/* End PBXGroup section */

/* Begin PBXNativeTarget section */
		5775307320F7431A00707BCC /* SHDemoTest */ = {
			isa = PBXNativeTarget;
			buildConfigurationList = 5775308A20F7431E00707BCC /* Build configuration list for PBXNativeTarget "SHDemoTest" */;
			buildPhases = (
				5775307020F7431A00707BCC /* Sources */,
				5775307120F7431A00707BCC /* Frameworks */,
				5775307220F7431A00707BCC /* Resources */,
			);
			buildRules = (
			);
			dependencies = (
			);
			name = SHDemoTest;
			productName = SHDemoTest;
			productReference = 5775307420F7431A00707BCC /* SHDemoTest.app */;
			productType = "com.apple.product-type.application";
		};
/* End PBXNativeTarget section */

/* Begin PBXProject section */
		5775306C20F7431A00707BCC /* Project object */ = {
			isa = PBXProject;
			attributes = {
				LastUpgradeCheck = 0940;
				ORGANIZATIONNAME = hundsun;
				TargetAttributes = {
					5775307320F7431A00707BCC = {
						CreatedOnToolsVersion = 9.4.1;
					};
				};
			};
			buildConfigurationList = 5775306F20F7431A00707BCC /* Build configuration list for PBXProject "SHDemoTest" */;
			compatibilityVersion = "Xcode 9.3";
			developmentRegion = en;
			hasScannedForEncodings = 0;
			knownRegions = (
				en,
				Base,
			);
			mainGroup = 5775306B20F7431A00707BCC;
			productRefGroup = 5775307520F7431A00707BCC /* Products */;
			projectDirPath = "";
			projectRoot = "";
			targets = (
				5775307320F7431A00707BCC /* SHDemoTest */,
			);
		};
/* End PBXProject section */

/* Begin PBXResourcesBuildPhase section */
		5775307220F7431A00707BCC /* Resources */ = {
			isa = PBXResourcesBuildPhase;
			buildActionMask = 2147483647;
			files = (
				573C636321420D3700E76273 /* Info.plist in Resources */,
				57425E0921A6C24A0009A24D /* ZFTipAlertView.xib in Resources */,
				5775308420F7431E00707BCC /* LaunchScreen.storyboard in Resources */,
				5775308120F7431E00707BCC /* Assets.xcassets in Resources */,
				5775307F20F7431A00707BCC /* Main.storyboard in Resources */,
			);
			runOnlyForDeploymentPostprocessing = 0;
		};
/* End PBXResourcesBuildPhase section */

/* Begin PBXSourcesBuildPhase section */
		5775307020F7431A00707BCC /* Sources */ = {
			isa = PBXSourcesBuildPhase;
			buildActionMask = 2147483647;
			files = (
				57793F6E21A54C99006078A1 /* SHScrollTaoTableViewController.m in Sources */,
				5740E8DD21391511007731F7 /* SHChildViewController.m in Sources */,
				57EB7BFD21912543001B4AD9 /* SHPopViewController.m in Sources */,
				57CD3E8021524434004A137A /* SHAlertViewController.m in Sources */,
				57C2C1FD2137D92600442387 /* KeychainItemWrapper.m in Sources */,
				573C635E21420D3700E76273 /* NSArray+MASAdditions.m in Sources */,
				57D0531121463AEE003402C7 /* UIColor+ColorChange.m in Sources */,
				57425E0721A6C1BC0009A24D /* ZFTipAlertView.m in Sources */,
				57D05306214638FF003402C7 /* HsBaseActionSheet.m in Sources */,
				57D0530A21463930003402C7 /* UIImage+HsImageColor.m in Sources */,
				573C636A2142121A00E76273 /* HsConfigration.m in Sources */,
				573C636D214212F800E76273 /* HsStyle.m in Sources */,
				57D053192146402F003402C7 /* SHDefine.m in Sources */,
				5775307C20F7431A00707BCC /* ViewController.m in Sources */,
				57EB7BF7219049F2001B4AD9 /* UIView+RKLayoutUtil.m in Sources */,
				573C636221420D3700E76273 /* MASViewAttribute.m in Sources */,
				5775308720F7431E00707BCC /* main.m in Sources */,
				573C635D21420D3700E76273 /* MASLayoutConstraint.m in Sources */,
				573C635F21420D3700E76273 /* View+MASAdditions.m in Sources */,
				573C635B21420D3700E76273 /* MASCompositeConstraint.m in Sources */,
				57425E0121A6C1290009A24D /* YZAlertView.m in Sources */,
				5765711A213E7B3B0072BCB3 /* SHChildTwoViewController.m in Sources */,
				573C635A21420D3700E76273 /* ViewController+MASAdditions.m in Sources */,
				57D0538121466539003402C7 /* HSLinkAlertView.m in Sources */,
				57657115213E240E0072BCB3 /* RotationButtonViewController.m in Sources */,
				5775307920F7431A00707BCC /* AppDelegate.m in Sources */,
				57D0531E2146416C003402C7 /* RKFrameAdjustBlockManager.m in Sources */,
				57EB7BEC218C1DBF001B4AD9 /* HsAlertViewController.m in Sources */,
				57AF1C2B21AFD9D8002B54BE /* ZFSelectionView.m in Sources */,
				573C635C21420D3700E76273 /* MASConstraintMaker.m in Sources */,
				573C635921420D3700E76273 /* NSLayoutConstraint+MASDebugAdditions.m in Sources */,
				57EB7C0721915E7C001B4AD9 /* HsPopLabel.m in Sources */,
				573C636021420D3700E76273 /* MASConstraint.m in Sources */,
				573C636121420D3700E76273 /* MASViewConstraint.m in Sources */,
				57D05384214668C3003402C7 /* HsCheckBoxWidgets.m in Sources */,
				57793F7221A5630A006078A1 /* ZXMutipleGestureTableView.m in Sources */,
				573758C621A6A19500C89F34 /* HsNoticeTooltipView.m in Sources */,
			);
			runOnlyForDeploymentPostprocessing = 0;
		};
/* End PBXSourcesBuildPhase section */

/* Begin PBXVariantGroup section */
		5775307D20F7431A00707BCC /* Main.storyboard */ = {
			isa = PBXVariantGroup;
			children = (
				5775307E20F7431A00707BCC /* Base */,
			);
			name = Main.storyboard;
			sourceTree = "<group>";
		};
		5775308220F7431E00707BCC /* LaunchScreen.storyboard */ = {
			isa = PBXVariantGroup;
			children = (
				5775308320F7431E00707BCC /* Base */,
			);
			name = LaunchScreen.storyboard;
			sourceTree = "<group>";
		};
/* End PBXVariantGroup section */

/* Begin XCBuildConfiguration section */
		5775308820F7431E00707BCC /* Debug */ = {
			isa = XCBuildConfiguration;
			buildSettings = {
				ALWAYS_SEARCH_USER_PATHS = NO;
				CLANG_ANALYZER_NONNULL = YES;
				CLANG_ANALYZER_NUMBER_OBJECT_CONVERSION = YES_AGGRESSIVE;
				CLANG_CXX_LANGUAGE_STANDARD = "gnu++14";
				CLANG_CXX_LIBRARY = "libc++";
				CLANG_ENABLE_MODULES = YES;
				CLANG_ENABLE_OBJC_ARC = YES;
				CLANG_ENABLE_OBJC_WEAK = YES;
				CLANG_WARN_BLOCK_CAPTURE_AUTORELEASING = YES;
				CLANG_WARN_BOOL_CONVERSION = YES;
				CLANG_WARN_COMMA = YES;
				CLANG_WARN_CONSTANT_CONVERSION = YES;
				CLANG_WARN_DEPRECATED_OBJC_IMPLEMENTATIONS = YES;
				CLANG_WARN_DIRECT_OBJC_ISA_USAGE = YES_ERROR;
				CLANG_WARN_DOCUMENTATION_COMMENTS = YES;
				CLANG_WARN_EMPTY_BODY = YES;
				CLANG_WARN_ENUM_CONVERSION = YES;
				CLANG_WARN_INFINITE_RECURSION = YES;
				CLANG_WARN_INT_CONVERSION = YES;
				CLANG_WARN_NON_LITERAL_NULL_CONVERSION = YES;
				CLANG_WARN_OBJC_IMPLICIT_RETAIN_SELF = YES;
				CLANG_WARN_OBJC_LITERAL_CONVERSION = YES;
				CLANG_WARN_OBJC_ROOT_CLASS = YES_ERROR;
				CLANG_WARN_RANGE_LOOP_ANALYSIS = YES;
				CLANG_WARN_STRICT_PROTOTYPES = YES;
				CLANG_WARN_SUSPICIOUS_MOVE = YES;
				CLANG_WARN_UNGUARDED_AVAILABILITY = YES_AGGRESSIVE;
				CLANG_WARN_UNREACHABLE_CODE = YES;
				CLANG_WARN__DUPLICATE_METHOD_MATCH = YES;
				CODE_SIGN_IDENTITY = "iPhone Developer";
				COPY_PHASE_STRIP = NO;
				DEBUG_INFORMATION_FORMAT = dwarf;
				ENABLE_STRICT_OBJC_MSGSEND = YES;
				ENABLE_TESTABILITY = YES;
				GCC_C_LANGUAGE_STANDARD = gnu11;
				GCC_DYNAMIC_NO_PIC = NO;
				GCC_NO_COMMON_BLOCKS = YES;
				GCC_OPTIMIZATION_LEVEL = 0;
				GCC_PREPROCESSOR_DEFINITIONS = (
					"DEBUG=1",
					"$(inherited)",
				);
				GCC_WARN_64_TO_32_BIT_CONVERSION = YES;
				GCC_WARN_ABOUT_RETURN_TYPE = YES_ERROR;
				GCC_WARN_UNDECLARED_SELECTOR = YES;
				GCC_WARN_UNINITIALIZED_AUTOS = YES_AGGRESSIVE;
				GCC_WARN_UNUSED_FUNCTION = YES;
				GCC_WARN_UNUSED_VARIABLE = YES;
				IPHONEOS_DEPLOYMENT_TARGET = 11.4;
				MTL_ENABLE_DEBUG_INFO = YES;
				ONLY_ACTIVE_ARCH = YES;
				SDKROOT = iphoneos;
			};
			name = Debug;
		};
		5775308920F7431E00707BCC /* Release */ = {
			isa = XCBuildConfiguration;
			buildSettings = {
				ALWAYS_SEARCH_USER_PATHS = NO;
				CLANG_ANALYZER_NONNULL = YES;
				CLANG_ANALYZER_NUMBER_OBJECT_CONVERSION = YES_AGGRESSIVE;
				CLANG_CXX_LANGUAGE_STANDARD = "gnu++14";
				CLANG_CXX_LIBRARY = "libc++";
				CLANG_ENABLE_MODULES = YES;
				CLANG_ENABLE_OBJC_ARC = YES;
				CLANG_ENABLE_OBJC_WEAK = YES;
				CLANG_WARN_BLOCK_CAPTURE_AUTORELEASING = YES;
				CLANG_WARN_BOOL_CONVERSION = YES;
				CLANG_WARN_COMMA = YES;
				CLANG_WARN_CONSTANT_CONVERSION = YES;
				CLANG_WARN_DEPRECATED_OBJC_IMPLEMENTATIONS = YES;
				CLANG_WARN_DIRECT_OBJC_ISA_USAGE = YES_ERROR;
				CLANG_WARN_DOCUMENTATION_COMMENTS = YES;
				CLANG_WARN_EMPTY_BODY = YES;
				CLANG_WARN_ENUM_CONVERSION = YES;
				CLANG_WARN_INFINITE_RECURSION = YES;
				CLANG_WARN_INT_CONVERSION = YES;
				CLANG_WARN_NON_LITERAL_NULL_CONVERSION = YES;
				CLANG_WARN_OBJC_IMPLICIT_RETAIN_SELF = YES;
				CLANG_WARN_OBJC_LITERAL_CONVERSION = YES;
				CLANG_WARN_OBJC_ROOT_CLASS = YES_ERROR;
				CLANG_WARN_RANGE_LOOP_ANALYSIS = YES;
				CLANG_WARN_STRICT_PROTOTYPES = YES;
				CLANG_WARN_SUSPICIOUS_MOVE = YES;
				CLANG_WARN_UNGUARDED_AVAILABILITY = YES_AGGRESSIVE;
				CLANG_WARN_UNREACHABLE_CODE = YES;
				CLANG_WARN__DUPLICATE_METHOD_MATCH = YES;
				CODE_SIGN_IDENTITY = "iPhone Developer";
				COPY_PHASE_STRIP = NO;
				DEBUG_INFORMATION_FORMAT = "dwarf-with-dsym";
				ENABLE_NS_ASSERTIONS = NO;
				ENABLE_STRICT_OBJC_MSGSEND = YES;
				GCC_C_LANGUAGE_STANDARD = gnu11;
				GCC_NO_COMMON_BLOCKS = YES;
				GCC_WARN_64_TO_32_BIT_CONVERSION = YES;
				GCC_WARN_ABOUT_RETURN_TYPE = YES_ERROR;
				GCC_WARN_UNDECLARED_SELECTOR = YES;
				GCC_WARN_UNINITIALIZED_AUTOS = YES_AGGRESSIVE;
				GCC_WARN_UNUSED_FUNCTION = YES;
				GCC_WARN_UNUSED_VARIABLE = YES;
				IPHONEOS_DEPLOYMENT_TARGET = 11.4;
				MTL_ENABLE_DEBUG_INFO = NO;
				SDKROOT = iphoneos;
				VALIDATE_PRODUCT = YES;
			};
			name = Release;
		};
		5775308B20F7431E00707BCC /* Debug */ = {
			isa = XCBuildConfiguration;
			buildSettings = {
				CODE_SIGN_STYLE = Automatic;
				DEVELOPMENT_TEAM = 28389NSMTF;
				FRAMEWORK_SEARCH_PATHS = (
					"$(inherited)",
					"$(PROJECT_DIR)/SHDemoTest/Vedor",
					"$(PROJECT_DIR)/SHDemoTest/framework",
					"$(PROJECT_DIR)/SHDemoTest",
				);
				GCC_PRECOMPILE_PREFIX_HEADER = YES;
				GCC_PREFIX_HEADER = "$(SRCROOT)/SHDemoTest/Const/SHConstDefine.pch";
				INFOPLIST_FILE = SHDemoTest/Resource/Info.plist;
				IPHONEOS_DEPLOYMENT_TARGET = 8.0;
				LD_RUNPATH_SEARCH_PATHS = (
					"$(inherited)",
					"@executable_path/Frameworks",
				);
				OTHER_LDFLAGS = "-ObjC";
				PRODUCT_BUNDLE_IDENTIFIER = com.hundsun.SHDemoTest;
				PRODUCT_NAME = "$(TARGET_NAME)";
				TARGETED_DEVICE_FAMILY = "1,2";
			};
			name = Debug;
		};
		5775308C20F7431E00707BCC /* Release */ = {
			isa = XCBuildConfiguration;
			buildSettings = {
				CODE_SIGN_STYLE = Automatic;
				DEVELOPMENT_TEAM = 28389NSMTF;
				FRAMEWORK_SEARCH_PATHS = (
					"$(inherited)",
					"$(PROJECT_DIR)/SHDemoTest/Vedor",
					"$(PROJECT_DIR)/SHDemoTest/framework",
					"$(PROJECT_DIR)/SHDemoTest",
				);
				GCC_PRECOMPILE_PREFIX_HEADER = YES;
				GCC_PREFIX_HEADER = "$(SRCROOT)/SHDemoTest/Const/SHConstDefine.pch";
				INFOPLIST_FILE = SHDemoTest/Resource/Info.plist;
				IPHONEOS_DEPLOYMENT_TARGET = 8.0;
				LD_RUNPATH_SEARCH_PATHS = (
					"$(inherited)",
					"@executable_path/Frameworks",
				);
				OTHER_LDFLAGS = "-ObjC";
				PRODUCT_BUNDLE_IDENTIFIER = com.hundsun.SHDemoTest;
				PRODUCT_NAME = "$(TARGET_NAME)";
				TARGETED_DEVICE_FAMILY = "1,2";
			};
			name = Release;
		};
/* End XCBuildConfiguration section */

/* Begin XCConfigurationList section */
		5775306F20F7431A00707BCC /* Build configuration list for PBXProject "SHDemoTest" */ = {
			isa = XCConfigurationList;
			buildConfigurations = (
				5775308820F7431E00707BCC /* Debug */,
				5775308920F7431E00707BCC /* Release */,
			);
			defaultConfigurationIsVisible = 0;
			defaultConfigurationName = Release;
		};
		5775308A20F7431E00707BCC /* Build configuration list for PBXNativeTarget "SHDemoTest" */ = {
			isa = XCConfigurationList;
			buildConfigurations = (
				5775308B20F7431E00707BCC /* Debug */,
				5775308C20F7431E00707BCC /* Release */,
			);
			defaultConfigurationIsVisible = 0;
			defaultConfigurationName = Release;
		};
/* End XCConfigurationList section */
	};
	rootObject = 5775306C20F7431A00707BCC /* Project object */;
}
